// !$*UTF8*$!
{
	archiveVersion = 1;
	classes = {
	};
	objectVersion = 77;
	objects = {

/* Begin PBXBuildFile section */
		AC78DBD22CDD16CB00DEDFBA /* FirebaseAuth in Frameworks */ = {isa = PBXBuildFile; productRef = AC78DBD12CDD16CB00DEDFBA /* FirebaseAuth */; };
		AC78DBD42CDD16CB00DEDFBA /* FirebaseAuthCombine-Community in Frameworks */ = {isa = PBXBuildFile; productRef = AC78DBD32CDD16CB00DEDFBA /* FirebaseAuthCombine-Community */; };
		AC78DBD62CDD16CB00DEDFBA /* FirebaseFirestore in Frameworks */ = {isa = PBXBuildFile; productRef = AC78DBD52CDD16CB00DEDFBA /* FirebaseFirestore */; };
		AC78DBD82CDD16CB00DEDFBA /* FirebaseFirestoreCombine-Community in Frameworks */ = {isa = PBXBuildFile; productRef = AC78DBD72CDD16CB00DEDFBA /* FirebaseFirestoreCombine-Community */; };
		AC78DBDA2CDD16CB00DEDFBA /* FirebaseStorage in Frameworks */ = {isa = PBXBuildFile; productRef = AC78DBD92CDD16CB00DEDFBA /* FirebaseStorage */; };
		AC78DBDC2CDD16CB00DEDFBA /* FirebaseStorageCombine-Community in Frameworks */ = {isa = PBXBuildFile; productRef = AC78DBDB2CDD16CB00DEDFBA /* FirebaseStorageCombine-Community */; };
/* End PBXBuildFile section */

/* Begin PBXContainerItemProxy section */
		AC14127C2CD55A4C00C93C3E /* PBXContainerItemProxy */ = {
			isa = PBXContainerItemProxy;
			containerPortal = AC1412632CD55A4B00C93C3E /* Project object */;
			proxyType = 1;
			remoteGlobalIDString = AC14126A2CD55A4B00C93C3E;
			remoteInfo = Hermes;
		};
		AC1412862CD55A4C00C93C3E /* PBXContainerItemProxy */ = {
			isa = PBXContainerItemProxy;
			containerPortal = AC1412632CD55A4B00C93C3E /* Project object */;
			proxyType = 1;
			remoteGlobalIDString = AC14126A2CD55A4B00C93C3E;
			remoteInfo = Hermes;
		};
/* End PBXContainerItemProxy section */

/* Begin PBXFileReference section */
		AC14126B2CD55A4B00C93C3E /* Hermes Ec.app */ = {isa = PBXFileReference; explicitFileType = wrapper.application; includeInIndex = 0; path = "Hermes Ec.app"; sourceTree = BUILT_PRODUCTS_DIR; };
		AC14127B2CD55A4C00C93C3E /* HermesTests.xctest */ = {isa = PBXFileReference; explicitFileType = wrapper.cfbundle; includeInIndex = 0; path = HermesTests.xctest; sourceTree = BUILT_PRODUCTS_DIR; };
		AC1412852CD55A4C00C93C3E /* HermesUITests.xctest */ = {isa = PBXFileReference; explicitFileType = wrapper.cfbundle; includeInIndex = 0; path = HermesUITests.xctest; sourceTree = BUILT_PRODUCTS_DIR; };
/* End PBXFileReference section */

/* Begin PBXFileSystemSynchronizedRootGroup section */
		AC14126D2CD55A4B00C93C3E /* Hermes */ = {
			isa = PBXFileSystemSynchronizedRootGroup;
			path = Hermes;
			sourceTree = "<group>";
		};
		AC14127E2CD55A4C00C93C3E /* HermesTests */ = {
			isa = PBXFileSystemSynchronizedRootGroup;
			path = HermesTests;
			sourceTree = "<group>";
		};
		AC1412882CD55A4C00C93C3E /* HermesUITests */ = {
			isa = PBXFileSystemSynchronizedRootGroup;
			path = HermesUITests;
			sourceTree = "<group>";
		};
		AC1413E22CD55B6300C93C3E /* en.lproj */ = {
			isa = PBXFileSystemSynchronizedRootGroup;
			path = en.lproj;
			sourceTree = "<group>";
		};
		AC1413E62CD55BC100C93C3E /* es.lproj */ = {
			isa = PBXFileSystemSynchronizedRootGroup;
			path = es.lproj;
			sourceTree = "<group>";
		};
/* End PBXFileSystemSynchronizedRootGroup section */

/* Begin PBXFrameworksBuildPhase section */
		AC1412682CD55A4B00C93C3E /* Frameworks */ = {
			isa = PBXFrameworksBuildPhase;
			buildActionMask = 2147483647;
			files = (
				AC78DBD22CDD16CB00DEDFBA /* FirebaseAuth in Frameworks */,
				AC78DBD82CDD16CB00DEDFBA /* FirebaseFirestoreCombine-Community in Frameworks */,
				AC78DBD42CDD16CB00DEDFBA /* FirebaseAuthCombine-Community in Frameworks */,
				AC78DBDA2CDD16CB00DEDFBA /* FirebaseStorage in Frameworks */,
				AC78DBDC2CDD16CB00DEDFBA /* FirebaseStorageCombine-Community in Frameworks */,
				AC78DBD62CDD16CB00DEDFBA /* FirebaseFirestore in Frameworks */,
			);
			runOnlyForDeploymentPostprocessing = 0;
		};
		AC1412782CD55A4C00C93C3E /* Frameworks */ = {
			isa = PBXFrameworksBuildPhase;
			buildActionMask = 2147483647;
			files = (
			);
			runOnlyForDeploymentPostprocessing = 0;
		};
		AC1412822CD55A4C00C93C3E /* Frameworks */ = {
			isa = PBXFrameworksBuildPhase;
			buildActionMask = 2147483647;
			files = (
			);
			runOnlyForDeploymentPostprocessing = 0;
		};
/* End PBXFrameworksBuildPhase section */

/* Begin PBXGroup section */
		AC1412622CD55A4B00C93C3E = {
			isa = PBXGroup;
			children = (
				AC1413E22CD55B6300C93C3E /* en.lproj */,
				AC1413E62CD55BC100C93C3E /* es.lproj */,
				AC14126D2CD55A4B00C93C3E /* Hermes */,
				AC14127E2CD55A4C00C93C3E /* HermesTests */,
				AC1412882CD55A4C00C93C3E /* HermesUITests */,
				AC14126C2CD55A4B00C93C3E /* Products */,
			);
			sourceTree = "<group>";
		};
		AC14126C2CD55A4B00C93C3E /* Products */ = {
			isa = PBXGroup;
			children = (
				AC14126B2CD55A4B00C93C3E /* Hermes Ec.app */,
				AC14127B2CD55A4C00C93C3E /* HermesTests.xctest */,
				AC1412852CD55A4C00C93C3E /* HermesUITests.xctest */,
			);
			name = Products;
			sourceTree = "<group>";
		};
/* End PBXGroup section */

/* Begin PBXNativeTarget section */
		AC14126A2CD55A4B00C93C3E /* Hermes Ec */ = {
			isa = PBXNativeTarget;
			buildConfigurationList = AC14128F2CD55A4C00C93C3E /* Build configuration list for PBXNativeTarget "Hermes Ec" */;
			buildPhases = (
				AC1412672CD55A4B00C93C3E /* Sources */,
				AC1412682CD55A4B00C93C3E /* Frameworks */,
				AC1412692CD55A4B00C93C3E /* Resources */,
			);
			buildRules = (
			);
			dependencies = (
			);
			fileSystemSynchronizedGroups = (
				AC14126D2CD55A4B00C93C3E /* Hermes */,
				AC1413E22CD55B6300C93C3E /* en.lproj */,
				AC1413E62CD55BC100C93C3E /* es.lproj */,
			);
			name = "Hermes Ec";
			packageProductDependencies = (
				AC78DBD12CDD16CB00DEDFBA /* FirebaseAuth */,
				AC78DBD32CDD16CB00DEDFBA /* FirebaseAuthCombine-Community */,
				AC78DBD52CDD16CB00DEDFBA /* FirebaseFirestore */,
				AC78DBD72CDD16CB00DEDFBA /* FirebaseFirestoreCombine-Community */,
				AC78DBD92CDD16CB00DEDFBA /* FirebaseStorage */,
				AC78DBDB2CDD16CB00DEDFBA /* FirebaseStorageCombine-Community */,
			);
			productName = Hermes;
			productReference = AC14126B2CD55A4B00C93C3E /* Hermes Ec.app */;
			productType = "com.apple.product-type.application";
		};
		AC14127A2CD55A4C00C93C3E /* HermesTests */ = {
			isa = PBXNativeTarget;
			buildConfigurationList = AC1412922CD55A4C00C93C3E /* Build configuration list for PBXNativeTarget "HermesTests" */;
			buildPhases = (
				AC1412772CD55A4C00C93C3E /* Sources */,
				AC1412782CD55A4C00C93C3E /* Frameworks */,
				AC1412792CD55A4C00C93C3E /* Resources */,
			);
			buildRules = (
			);
			dependencies = (
				AC14127D2CD55A4C00C93C3E /* PBXTargetDependency */,
			);
			fileSystemSynchronizedGroups = (
				AC14127E2CD55A4C00C93C3E /* HermesTests */,
			);
			name = HermesTests;
			packageProductDependencies = (
			);
			productName = HermesTests;
			productReference = AC14127B2CD55A4C00C93C3E /* HermesTests.xctest */;
			productType = "com.apple.product-type.bundle.unit-test";
		};
		AC1412842CD55A4C00C93C3E /* HermesUITests */ = {
			isa = PBXNativeTarget;
			buildConfigurationList = AC1412952CD55A4C00C93C3E /* Build configuration list for PBXNativeTarget "HermesUITests" */;
			buildPhases = (
				AC1412812CD55A4C00C93C3E /* Sources */,
				AC1412822CD55A4C00C93C3E /* Frameworks */,
				AC1412832CD55A4C00C93C3E /* Resources */,
			);
			buildRules = (
			);
			dependencies = (
				AC1412872CD55A4C00C93C3E /* PBXTargetDependency */,
			);
			fileSystemSynchronizedGroups = (
				AC1412882CD55A4C00C93C3E /* HermesUITests */,
			);
			name = HermesUITests;
			packageProductDependencies = (
			);
			productName = HermesUITests;
			productReference = AC1412852CD55A4C00C93C3E /* HermesUITests.xctest */;
			productType = "com.apple.product-type.bundle.ui-testing";
		};
/* End PBXNativeTarget section */

/* Begin PBXProject section */
		AC1412632CD55A4B00C93C3E /* Project object */ = {
			isa = PBXProject;
			attributes = {
				BuildIndependentTargetsInParallel = 1;
				LastSwiftUpdateCheck = 1600;
				LastUpgradeCheck = 1620;
				TargetAttributes = {
					AC14126A2CD55A4B00C93C3E = {
						CreatedOnToolsVersion = 16.0;
					};
					AC14127A2CD55A4C00C93C3E = {
						CreatedOnToolsVersion = 16.0;
						TestTargetID = AC14126A2CD55A4B00C93C3E;
					};
					AC1412842CD55A4C00C93C3E = {
						CreatedOnToolsVersion = 16.0;
						TestTargetID = AC14126A2CD55A4B00C93C3E;
					};
				};
			};
			buildConfigurationList = AC1412662CD55A4B00C93C3E /* Build configuration list for PBXProject "Hermes" */;
			developmentRegion = es;
			hasScannedForEncodings = 0;
			knownRegions = (
				en,
				Base,
				es,
				fr,
				"en-GB",
				de,
			);
			mainGroup = AC1412622CD55A4B00C93C3E;
			minimizedProjectReferenceProxies = 1;
			packageReferences = (
				AC78DBD02CDD16CB00DEDFBA /* XCRemoteSwiftPackageReference "firebase-ios-sdk" */,
			);
			preferredProjectObjectVersion = 77;
			productRefGroup = AC14126C2CD55A4B00C93C3E /* Products */;
			projectDirPath = "";
			projectRoot = "";
			targets = (
				AC14126A2CD55A4B00C93C3E /* Hermes Ec */,
				AC14127A2CD55A4C00C93C3E /* HermesTests */,
				AC1412842CD55A4C00C93C3E /* HermesUITests */,
			);
		};
/* End PBXProject section */

/* Begin PBXResourcesBuildPhase section */
		AC1412692CD55A4B00C93C3E /* Resources */ = {
			isa = PBXResourcesBuildPhase;
			buildActionMask = 2147483647;
			files = (
			);
			runOnlyForDeploymentPostprocessing = 0;
		};
		AC1412792CD55A4C00C93C3E /* Resources */ = {
			isa = PBXResourcesBuildPhase;
			buildActionMask = 2147483647;
			files = (
			);
			runOnlyForDeploymentPostprocessing = 0;
		};
		AC1412832CD55A4C00C93C3E /* Resources */ = {
			isa = PBXResourcesBuildPhase;
			buildActionMask = 2147483647;
			files = (
			);
			runOnlyForDeploymentPostprocessing = 0;
		};
/* End PBXResourcesBuildPhase section */

/* Begin PBXSourcesBuildPhase section */
		AC1412672CD55A4B00C93C3E /* Sources */ = {
			isa = PBXSourcesBuildPhase;
			buildActionMask = 2147483647;
			files = (
			);
			runOnlyForDeploymentPostprocessing = 0;
		};
		AC1412772CD55A4C00C93C3E /* Sources */ = {
			isa = PBXSourcesBuildPhase;
			buildActionMask = 2147483647;
			files = (
			);
			runOnlyForDeploymentPostprocessing = 0;
		};
		AC1412812CD55A4C00C93C3E /* Sources */ = {
			isa = PBXSourcesBuildPhase;
			buildActionMask = 2147483647;
			files = (
			);
			runOnlyForDeploymentPostprocessing = 0;
		};
/* End PBXSourcesBuildPhase section */

/* Begin PBXTargetDependency section */
		AC14127D2CD55A4C00C93C3E /* PBXTargetDependency */ = {
			isa = PBXTargetDependency;
			target = AC14126A2CD55A4B00C93C3E /* Hermes Ec */;
			targetProxy = AC14127C2CD55A4C00C93C3E /* PBXContainerItemProxy */;
		};
		AC1412872CD55A4C00C93C3E /* PBXTargetDependency */ = {
			isa = PBXTargetDependency;
			target = AC14126A2CD55A4B00C93C3E /* Hermes Ec */;
			targetProxy = AC1412862CD55A4C00C93C3E /* PBXContainerItemProxy */;
		};
/* End PBXTargetDependency section */

/* Begin XCBuildConfiguration section */
		AC14128D2CD55A4C00C93C3E /* Debug */ = {
			isa = XCBuildConfiguration;
			buildSettings = {
				ALWAYS_SEARCH_USER_PATHS = NO;
				ASSETCATALOG_COMPILER_GENERATE_SWIFT_ASSET_SYMBOL_EXTENSIONS = YES;
				CLANG_ANALYZER_LOCALIZABILITY_NONLOCALIZED = YES;
				CLANG_ANALYZER_NONNULL = YES;
				CLANG_ANALYZER_NUMBER_OBJECT_CONVERSION = YES_AGGRESSIVE;
				CLANG_CXX_LANGUAGE_STANDARD = "gnu++20";
				CLANG_ENABLE_MODULES = YES;
				CLANG_ENABLE_OBJC_ARC = YES;
				CLANG_ENABLE_OBJC_WEAK = YES;
				CLANG_WARN_BLOCK_CAPTURE_AUTORELEASING = YES;
				CLANG_WARN_BOOL_CONVERSION = YES;
				CLANG_WARN_COMMA = YES;
				CLANG_WARN_CONSTANT_CONVERSION = YES;
				CLANG_WARN_DEPRECATED_OBJC_IMPLEMENTATIONS = YES;
				CLANG_WARN_DIRECT_OBJC_ISA_USAGE = YES_ERROR;
				CLANG_WARN_DOCUMENTATION_COMMENTS = YES;
				CLANG_WARN_EMPTY_BODY = YES;
				CLANG_WARN_ENUM_CONVERSION = YES;
				CLANG_WARN_INFINITE_RECURSION = YES;
				CLANG_WARN_INT_CONVERSION = YES;
				CLANG_WARN_NON_LITERAL_NULL_CONVERSION = YES;
				CLANG_WARN_OBJC_IMPLICIT_RETAIN_SELF = YES;
				CLANG_WARN_OBJC_LITERAL_CONVERSION = YES;
				CLANG_WARN_OBJC_ROOT_CLASS = YES_ERROR;
				CLANG_WARN_QUOTED_INCLUDE_IN_FRAMEWORK_HEADER = YES;
				CLANG_WARN_RANGE_LOOP_ANALYSIS = YES;
				CLANG_WARN_STRICT_PROTOTYPES = YES;
				CLANG_WARN_SUSPICIOUS_MOVE = YES;
				CLANG_WARN_UNGUARDED_AVAILABILITY = YES_AGGRESSIVE;
				CLANG_WARN_UNREACHABLE_CODE = YES;
				CLANG_WARN__DUPLICATE_METHOD_MATCH = YES;
				COPY_PHASE_STRIP = NO;
				DEBUG_INFORMATION_FORMAT = dwarf;
				ENABLE_STRICT_OBJC_MSGSEND = YES;
				ENABLE_TESTABILITY = YES;
				ENABLE_USER_SCRIPT_SANDBOXING = YES;
				GCC_C_LANGUAGE_STANDARD = gnu17;
				GCC_DYNAMIC_NO_PIC = NO;
				GCC_NO_COMMON_BLOCKS = YES;
				GCC_OPTIMIZATION_LEVEL = 0;
				GCC_PREPROCESSOR_DEFINITIONS = (
					"DEBUG=1",
					"$(inherited)",
				);
				GCC_WARN_64_TO_32_BIT_CONVERSION = YES;
				GCC_WARN_ABOUT_RETURN_TYPE = YES_ERROR;
				GCC_WARN_UNDECLARED_SELECTOR = YES;
				GCC_WARN_UNINITIALIZED_AUTOS = YES_AGGRESSIVE;
				GCC_WARN_UNUSED_FUNCTION = YES;
				GCC_WARN_UNUSED_VARIABLE = YES;
				IPHONEOS_DEPLOYMENT_TARGET = 18.0;
				LOCALIZATION_PREFERS_STRING_CATALOGS = YES;
				MTL_ENABLE_DEBUG_INFO = INCLUDE_SOURCE;
				MTL_FAST_MATH = YES;
				ONLY_ACTIVE_ARCH = YES;
				SDKROOT = iphoneos;
				SWIFT_ACTIVE_COMPILATION_CONDITIONS = "DEBUG $(inherited)";
				SWIFT_OPTIMIZATION_LEVEL = "-Onone";
			};
			name = Debug;
		};
		AC14128E2CD55A4C00C93C3E /* Release */ = {
			isa = XCBuildConfiguration;
			buildSettings = {
				ALWAYS_SEARCH_USER_PATHS = NO;
				ASSETCATALOG_COMPILER_GENERATE_SWIFT_ASSET_SYMBOL_EXTENSIONS = YES;
				CLANG_ANALYZER_LOCALIZABILITY_NONLOCALIZED = YES;
				CLANG_ANALYZER_NONNULL = YES;
				CLANG_ANALYZER_NUMBER_OBJECT_CONVERSION = YES_AGGRESSIVE;
				CLANG_CXX_LANGUAGE_STANDARD = "gnu++20";
				CLANG_ENABLE_MODULES = YES;
				CLANG_ENABLE_OBJC_ARC = YES;
				CLANG_ENABLE_OBJC_WEAK = YES;
				CLANG_WARN_BLOCK_CAPTURE_AUTORELEASING = YES;
				CLANG_WARN_BOOL_CONVERSION = YES;
				CLANG_WARN_COMMA = YES;
				CLANG_WARN_CONSTANT_CONVERSION = YES;
				CLANG_WARN_DEPRECATED_OBJC_IMPLEMENTATIONS = YES;
				CLANG_WARN_DIRECT_OBJC_ISA_USAGE = YES_ERROR;
				CLANG_WARN_DOCUMENTATION_COMMENTS = YES;
				CLANG_WARN_EMPTY_BODY = YES;
				CLANG_WARN_ENUM_CONVERSION = YES;
				CLANG_WARN_INFINITE_RECURSION = YES;
				CLANG_WARN_INT_CONVERSION = YES;
				CLANG_WARN_NON_LITERAL_NULL_CONVERSION = YES;
				CLANG_WARN_OBJC_IMPLICIT_RETAIN_SELF = YES;
				CLANG_WARN_OBJC_LITERAL_CONVERSION = YES;
				CLANG_WARN_OBJC_ROOT_CLASS = YES_ERROR;
				CLANG_WARN_QUOTED_INCLUDE_IN_FRAMEWORK_HEADER = YES;
				CLANG_WARN_RANGE_LOOP_ANALYSIS = YES;
				CLANG_WARN_STRICT_PROTOTYPES = YES;
				CLANG_WARN_SUSPICIOUS_MOVE = YES;
				CLANG_WARN_UNGUARDED_AVAILABILITY = YES_AGGRESSIVE;
				CLANG_WARN_UNREACHABLE_CODE = YES;
				CLANG_WARN__DUPLICATE_METHOD_MATCH = YES;
				COPY_PHASE_STRIP = NO;
				DEBUG_INFORMATION_FORMAT = "dwarf-with-dsym";
				ENABLE_NS_ASSERTIONS = NO;
				ENABLE_STRICT_OBJC_MSGSEND = YES;
				ENABLE_USER_SCRIPT_SANDBOXING = YES;
				GCC_C_LANGUAGE_STANDARD = gnu17;
				GCC_NO_COMMON_BLOCKS = YES;
				GCC_WARN_64_TO_32_BIT_CONVERSION = YES;
				GCC_WARN_ABOUT_RETURN_TYPE = YES_ERROR;
				GCC_WARN_UNDECLARED_SELECTOR = YES;
				GCC_WARN_UNINITIALIZED_AUTOS = YES_AGGRESSIVE;
				GCC_WARN_UNUSED_FUNCTION = YES;
				GCC_WARN_UNUSED_VARIABLE = YES;
				IPHONEOS_DEPLOYMENT_TARGET = 18.0;
				LOCALIZATION_PREFERS_STRING_CATALOGS = YES;
				MTL_ENABLE_DEBUG_INFO = NO;
				MTL_FAST_MATH = YES;
				SDKROOT = iphoneos;
				SWIFT_COMPILATION_MODE = wholemodule;
				VALIDATE_PRODUCT = YES;
			};
			name = Release;
		};
		AC1412902CD55A4C00C93C3E /* Debug */ = {
			isa = XCBuildConfiguration;
			buildSettings = {
				ASSETCATALOG_COMPILER_APPICON_NAME = AppIcon;
				ASSETCATALOG_COMPILER_GLOBAL_ACCENT_COLOR_NAME = AccentColor;
				CODE_SIGN_ENTITLEMENTS = Hermes/Hermes.entitlements;
				CODE_SIGN_STYLE = Automatic;
				CURRENT_PROJECT_VERSION = 6;
				DEVELOPMENT_ASSET_PATHS = "\"Hermes/Preview Content\"";
				DEVELOPMENT_TEAM = 5KDK28ZYPD;
				ENABLE_PREVIEWS = YES;
				GENERATE_INFOPLIST_FILE = YES;
				INFOPLIST_KEY_CFBundleDisplayName = "Hermes Ec";
				INFOPLIST_KEY_LSApplicationCategoryType = "public.app-category.shopping";
				INFOPLIST_KEY_UIApplicationSceneManifest_Generation = YES;
				INFOPLIST_KEY_UIApplicationSupportsIndirectInputEvents = YES;
				INFOPLIST_KEY_UILaunchScreen_Generation = YES;
				INFOPLIST_KEY_UISupportedInterfaceOrientations = UIInterfaceOrientationPortrait;
				IPHONEOS_DEPLOYMENT_TARGET = 17.0;
				LD_RUNPATH_SEARCH_PATHS = (
					"$(inherited)",
					"@executable_path/Frameworks",
				);
				MARKETING_VERSION = 1.0;
				PRODUCT_BUNDLE_IDENTIFIER = com.premierdarkcoffee.sales.Hermes;
				PRODUCT_NAME = "$(TARGET_NAME)";
				SUPPORTED_PLATFORMS = "iphoneos iphonesimulator";
				SUPPORTS_MACCATALYST = NO;
				SUPPORTS_MAC_DESIGNED_FOR_IPHONE_IPAD = NO;
				SUPPORTS_XR_DESIGNED_FOR_IPHONE_IPAD = NO;
				SWIFT_EMIT_LOC_STRINGS = YES;
				SWIFT_VERSION = 5.0;
				TARGETED_DEVICE_FAMILY = 1;
			};
			name = Debug;
		};
		AC1412912CD55A4C00C93C3E /* Release */ = {
			isa = XCBuildConfiguration;
			buildSettings = {
				ASSETCATALOG_COMPILER_APPICON_NAME = AppIcon;
				ASSETCATALOG_COMPILER_GLOBAL_ACCENT_COLOR_NAME = AccentColor;
				CODE_SIGN_ENTITLEMENTS = Hermes/Hermes.entitlements;
				CODE_SIGN_STYLE = Automatic;
				CURRENT_PROJECT_VERSION = 6;
				DEVELOPMENT_ASSET_PATHS = "\"Hermes/Preview Content\"";
				DEVELOPMENT_TEAM = 5KDK28ZYPD;
				ENABLE_PREVIEWS = YES;
				GENERATE_INFOPLIST_FILE = YES;
				INFOPLIST_KEY_CFBundleDisplayName = "Hermes Ec";
				INFOPLIST_KEY_LSApplicationCategoryType = "public.app-category.shopping";
				INFOPLIST_KEY_UIApplicationSceneManifest_Generation = YES;
				INFOPLIST_KEY_UIApplicationSupportsIndirectInputEvents = YES;
				INFOPLIST_KEY_UILaunchScreen_Generation = YES;
				INFOPLIST_KEY_UISupportedInterfaceOrientations = UIInterfaceOrientationPortrait;
				IPHONEOS_DEPLOYMENT_TARGET = 17.0;
				LD_RUNPATH_SEARCH_PATHS = (
					"$(inherited)",
					"@executable_path/Frameworks",
				);
				MARKETING_VERSION = 1.0;
				PRODUCT_BUNDLE_IDENTIFIER = com.premierdarkcoffee.sales.Hermes;
				PRODUCT_NAME = "$(TARGET_NAME)";
				SUPPORTED_PLATFORMS = "iphoneos iphonesimulator";
				SUPPORTS_MACCATALYST = NO;
				SUPPORTS_MAC_DESIGNED_FOR_IPHONE_IPAD = NO;
				SUPPORTS_XR_DESIGNED_FOR_IPHONE_IPAD = NO;
				SWIFT_EMIT_LOC_STRINGS = YES;
				SWIFT_VERSION = 5.0;
				TARGETED_DEVICE_FAMILY = 1;
			};
			name = Release;
		};
		AC1412932CD55A4C00C93C3E /* Debug */ = {
			isa = XCBuildConfiguration;
			buildSettings = {
				BUNDLE_LOADER = "$(TEST_HOST)";
				CODE_SIGN_STYLE = Automatic;
				CURRENT_PROJECT_VERSION = 1;
				DEVELOPMENT_TEAM = 5KDK28ZYPD;
				GENERATE_INFOPLIST_FILE = YES;
				IPHONEOS_DEPLOYMENT_TARGET = 18.0;
				MARKETING_VERSION = 1.0;
				PRODUCT_BUNDLE_IDENTIFIER = com.premierdarkcoffee.sales.HermesTests;
				PRODUCT_NAME = "$(TARGET_NAME)";
				SWIFT_EMIT_LOC_STRINGS = NO;
				SWIFT_VERSION = 5.0;
				TARGETED_DEVICE_FAMILY = "1,2";
				TEST_HOST = "$(BUILT_PRODUCTS_DIR)/Hermes.app/$(BUNDLE_EXECUTABLE_FOLDER_PATH)/Hermes";
			};
			name = Debug;
		};
		AC1412942CD55A4C00C93C3E /* Release */ = {
			isa = XCBuildConfiguration;
			buildSettings = {
				BUNDLE_LOADER = "$(TEST_HOST)";
				CODE_SIGN_STYLE = Automatic;
				CURRENT_PROJECT_VERSION = 1;
				DEVELOPMENT_TEAM = 5KDK28ZYPD;
				GENERATE_INFOPLIST_FILE = YES;
				IPHONEOS_DEPLOYMENT_TARGET = 18.0;
				MARKETING_VERSION = 1.0;
				PRODUCT_BUNDLE_IDENTIFIER = com.premierdarkcoffee.sales.HermesTests;
				PRODUCT_NAME = "$(TARGET_NAME)";
				SWIFT_EMIT_LOC_STRINGS = NO;
				SWIFT_VERSION = 5.0;
				TARGETED_DEVICE_FAMILY = "1,2";
				TEST_HOST = "$(BUILT_PRODUCTS_DIR)/Hermes.app/$(BUNDLE_EXECUTABLE_FOLDER_PATH)/Hermes";
			};
			name = Release;
		};
		AC1412962CD55A4C00C93C3E /* Debug */ = {
			isa = XCBuildConfiguration;
			buildSettings = {
				CODE_SIGN_STYLE = Automatic;
				CURRENT_PROJECT_VERSION = 1;
				DEVELOPMENT_TEAM = 5KDK28ZYPD;
				GENERATE_INFOPLIST_FILE = YES;
				MARKETING_VERSION = 1.0;
				PRODUCT_BUNDLE_IDENTIFIER = com.premierdarkcoffee.sales.HermesUITests;
				PRODUCT_NAME = "$(TARGET_NAME)";
				SWIFT_EMIT_LOC_STRINGS = NO;
				SWIFT_VERSION = 5.0;
				TARGETED_DEVICE_FAMILY = "1,2";
				TEST_TARGET_NAME = Hermes;
			};
			name = Debug;
		};
		AC1412972CD55A4C00C93C3E /* Release */ = {
			isa = XCBuildConfiguration;
			buildSettings = {
				CODE_SIGN_STYLE = Automatic;
				CURRENT_PROJECT_VERSION = 1;
				DEVELOPMENT_TEAM = 5KDK28ZYPD;
				GENERATE_INFOPLIST_FILE = YES;
				MARKETING_VERSION = 1.0;
				PRODUCT_BUNDLE_IDENTIFIER = com.premierdarkcoffee.sales.HermesUITests;
				PRODUCT_NAME = "$(TARGET_NAME)";
				SWIFT_EMIT_LOC_STRINGS = NO;
				SWIFT_VERSION = 5.0;
				TARGETED_DEVICE_FAMILY = "1,2";
				TEST_TARGET_NAME = Hermes;
			};
			name = Release;
		};
/* End XCBuildConfiguration section */

/* Begin XCConfigurationList section */
		AC1412662CD55A4B00C93C3E /* Build configuration list for PBXProject "Hermes" */ = {
			isa = XCConfigurationList;
			buildConfigurations = (
				AC14128D2CD55A4C00C93C3E /* Debug */,
				AC14128E2CD55A4C00C93C3E /* Release */,
			);
			defaultConfigurationIsVisible = 0;
			defaultConfigurationName = Release;
		};
		AC14128F2CD55A4C00C93C3E /* Build configuration list for PBXNativeTarget "Hermes Ec" */ = {
			isa = XCConfigurationList;
			buildConfigurations = (
				AC1412902CD55A4C00C93C3E /* Debug */,
				AC1412912CD55A4C00C93C3E /* Release */,
			);
			defaultConfigurationIsVisible = 0;
			defaultConfigurationName = Release;
		};
		AC1412922CD55A4C00C93C3E /* Build configuration list for PBXNativeTarget "HermesTests" */ = {
			isa = XCConfigurationList;
			buildConfigurations = (
				AC1412932CD55A4C00C93C3E /* Debug */,
				AC1412942CD55A4C00C93C3E /* Release */,
			);
			defaultConfigurationIsVisible = 0;
			defaultConfigurationName = Release;
		};
		AC1412952CD55A4C00C93C3E /* Build configuration list for PBXNativeTarget "HermesUITests" */ = {
			isa = XCConfigurationList;
			buildConfigurations = (
				AC1412962CD55A4C00C93C3E /* Debug */,
				AC1412972CD55A4C00C93C3E /* Release */,
			);
			defaultConfigurationIsVisible = 0;
			defaultConfigurationName = Release;
		};
/* End XCConfigurationList section */

/* Begin XCRemoteSwiftPackageReference section */
		AC78DBD02CDD16CB00DEDFBA /* XCRemoteSwiftPackageReference "firebase-ios-sdk" */ = {
			isa = XCRemoteSwiftPackageReference;
			repositoryURL = "https://github.com/firebase/firebase-ios-sdk";
			requirement = {
				kind = upToNextMajorVersion;
				minimumVersion = 11.4.0;
			};
		};
/* End XCRemoteSwiftPackageReference section */

/* Begin XCSwiftPackageProductDependency section */
		AC78DBD12CDD16CB00DEDFBA /* FirebaseAuth */ = {
			isa = XCSwiftPackageProductDependency;
			package = AC78DBD02CDD16CB00DEDFBA /* XCRemoteSwiftPackageReference "firebase-ios-sdk" */;
			productName = FirebaseAuth;
		};
		AC78DBD32CDD16CB00DEDFBA /* FirebaseAuthCombine-Community */ = {
			isa = XCSwiftPackageProductDependency;
			package = AC78DBD02CDD16CB00DEDFBA /* XCRemoteSwiftPackageReference "firebase-ios-sdk" */;
			productName = "FirebaseAuthCombine-Community";
		};
		AC78DBD52CDD16CB00DEDFBA /* FirebaseFirestore */ = {
			isa = XCSwiftPackageProductDependency;
			package = AC78DBD02CDD16CB00DEDFBA /* XCRemoteSwiftPackageReference "firebase-ios-sdk" */;
			productName = FirebaseFirestore;
		};
		AC78DBD72CDD16CB00DEDFBA /* FirebaseFirestoreCombine-Community */ = {
			isa = XCSwiftPackageProductDependency;
			package = AC78DBD02CDD16CB00DEDFBA /* XCRemoteSwiftPackageReference "firebase-ios-sdk" */;
			productName = "FirebaseFirestoreCombine-Community";
		};
		AC78DBD92CDD16CB00DEDFBA /* FirebaseStorage */ = {
			isa = XCSwiftPackageProductDependency;
			package = AC78DBD02CDD16CB00DEDFBA /* XCRemoteSwiftPackageReference "firebase-ios-sdk" */;
			productName = FirebaseStorage;
		};
		AC78DBDB2CDD16CB00DEDFBA /* FirebaseStorageCombine-Community */ = {
			isa = XCSwiftPackageProductDependency;
			package = AC78DBD02CDD16CB00DEDFBA /* XCRemoteSwiftPackageReference "firebase-ios-sdk" */;
			productName = "FirebaseStorageCombine-Community";
		};
/* End XCSwiftPackageProductDependency section */
	};
	rootObject = AC1412632CD55A4B00C93C3E /* Project object */;
}
